
Microsoft Visual Studio Solution File, Format Version 12.00
# Visual Studio 15
VisualStudioVersion = 15.0.28307.779
MinimumVisualStudioVersion = 10.0.40219.1
Project("{9A19103F-16F7-4668-BE54-9A1E7A4F7556}") = "danielDevelops.Cache", "..\Cache\danielDevelops.Cache.csproj", "{469268EB-4FEE-4686-9CCA-2DD4B88B087F}"
EndProject
Project("{9A19103F-16F7-4668-BE54-9A1E7A4F7556}") = "danielDevelops.CommonInterfaces", "..\CommonInterfaces\danielDevelops.CommonInterfaces.csproj", "{F4E8EB83-0928-41B3-8C93-EFFFA403DD3D}"
EndProject
Project("{9A19103F-16F7-4668-BE54-9A1E7A4F7556}") = "danielDevelops.Context", "..\Context\danielDevelops.Context.csproj", "{6184DE3F-905B-4C9B-9156-1C462B7DCBFF}"
EndProject
Project("{9A19103F-16F7-4668-BE54-9A1E7A4F7556}") = "danielDevelops.Service", "..\Service\danielDevelops.Service.csproj", "{06129FBE-E452-4EC4-B652-5FCC3A4C7032}"
EndProject
Project("{FAE04EC0-301F-11D3-BF4B-00C04F79EFBC}") = "SampleDomain", "SampleDomain\SampleDomain.csproj", "{0AE8777D-D461-4E36-AD9C-D2CE50AEF0DF}"
EndProject
Project("{FAE04EC0-301F-11D3-BF4B-00C04F79EFBC}") = "SampleModels", "SampleModels\SampleModels.csproj", "{83A34452-92CE-48CF-9F74-476A6E292D81}"
EndProject
Global
	GlobalSection(SolutionConfigurationPlatforms) = preSolution
		Debug|Any CPU = Debug|Any CPU
		Release|Any CPU = Release|Any CPU
	EndGlobalSection
	GlobalSection(ProjectConfigurationPlatforms) = postSolution
		{469268EB-4FEE-4686-9CCA-2DD4B88B087F}.Debug|Any CPU.ActiveCfg = Debug|Any CPU
		{469268EB-4FEE-4686-9CCA-2DD4B88B087F}.Debug|Any CPU.Build.0 = Debug|Any CPU
		{469268EB-4FEE-4686-9CCA-2DD4B88B087F}.Release|Any CPU.ActiveCfg = Release|Any CPU
		{469268EB-4FEE-4686-9CCA-2DD4B88B087F}.Release|Any CPU.Build.0 = Release|Any CPU
		{F4E8EB83-0928-41B3-8C93-EFFFA403DD3D}.Debug|Any CPU.ActiveCfg = Debug|Any CPU
		{F4E8EB83-0928-41B3-8C93-EFFFA403DD3D}.Debug|Any CPU.Build.0 = Debug|Any CPU
		{F4E8EB83-0928-41B3-8C93-EFFFA403DD3D}.Release|Any CPU.ActiveCfg = Release|Any CPU
		{F4E8EB83-0928-41B3-8C93-EFFFA403DD3D}.Release|Any CPU.Build.0 = Release|Any CPU
		{6184DE3F-905B-4C9B-9156-1C462B7DCBFF}.Debug|Any CPU.ActiveCfg = Debug|Any CPU
		{6184DE3F-905B-4C9B-9156-1C462B7DCBFF}.Debug|Any CPU.Build.0 = Debug|Any CPU
		{6184DE3F-905B-4C9B-9156-1C462B7DCBFF}.Release|Any CPU.ActiveCfg = Release|Any CPU
		{6184DE3F-905B-4C9B-9156-1C462B7DCBFF}.Release|Any CPU.Build.0 = Release|Any CPU
		{06129FBE-E452-4EC4-B652-5FCC3A4C7032}.Debug|Any CPU.ActiveCfg = Debug|Any CPU
		{06129FBE-E452-4EC4-B652-5FCC3A4C7032}.Debug|Any CPU.Build.0 = Debug|Any CPU
		{06129FBE-E452-4EC4-B652-5FCC3A4C7032}.Release|Any CPU.ActiveCfg = Release|Any CPU
		{06129FBE-E452-4EC4-B652-5FCC3A4C7032}.Release|Any CPU.Build.0 = Release|Any CPU
		{0AE8777D-D461-4E36-AD9C-D2CE50AEF0DF}.Debug|Any CPU.ActiveCfg = Debug|Any CPU
		{0AE8777D-D461-4E36-AD9C-D2CE50AEF0DF}.Debug|Any CPU.Build.0 = Debug|Any CPU
		{0AE8777D-D461-4E36-AD9C-D2CE50AEF0DF}.Release|Any CPU.ActiveCfg = Release|Any CPU
		{0AE8777D-D461-4E36-AD9C-D2CE50AEF0DF}.Release|Any CPU.Build.0 = Release|Any CPU
		{83A34452-92CE-48CF-9F74-476A6E292D81}.Debug|Any CPU.ActiveCfg = Debug|Any CPU
		{83A34452-92CE-48CF-9F74-476A6E292D81}.Debug|Any CPU.Build.0 = Debug|Any CPU
		{83A34452-92CE-48CF-9F74-476A6E292D81}.Release|Any CPU.ActiveCfg = Release|Any CPU
		{83A34452-92CE-48CF-9F74-476A6E292D81}.Release|Any CPU.Build.0 = Release|Any CPU
	EndGlobalSection
	GlobalSection(SolutionProperties) = preSolution
		HideSolutionNode = FALSE
	EndGlobalSection
	GlobalSection(ExtensibilityGlobals) = postSolution
		SolutionGuid = {288B99F9-9BB4-4F0E-95F3-DC03A1E1C9FB}
	EndGlobalSection
EndGlobal
